
Microsoft Visual Studio Solution File, Format Version 12.00
# Visual Studio Version 16
VisualStudioVersion = 16.0.30717.126
MinimumVisualStudioVersion = 10.0.40219.1
Project("{8BC9CEB8-8B4A-11D0-8D11-00A0C91BC942}") = "QtWidgetsApplication1", "QtWidgetsApplication1.vcxproj", "{8111316F-0A44-40A9-BC9A-A185A7E136E3}"
EndProject
Global
	GlobalSection(SolutionConfigurationPlatforms) = preSolution
		Debug|x64 = Debug|x64
		Release|x64 = Release|x64
	EndGlobalSection
	GlobalSection(ProjectConfigurationPlatforms) = postSolution
		{8111316F-0A44-40A9-BC9A-A185A7E136E3}.Debug|x64.ActiveCfg = Debug|x64
		{8111316F-0A44-40A9-BC9A-A185A7E136E3}.Debug|x64.Build.0 = Debug|x64
		{8111316F-0A44-40A9-BC9A-A185A7E136E3}.Release|x64.ActiveCfg = Release|x64
		{8111316F-0A44-40A9-BC9A-A185A7E136E3}.Release|x64.Build.0 = Release|x64
	EndGlobalSection
	GlobalSection(SolutionProperties) = preSolution
		HideSolutionNode = FALSE
	EndGlobalSection
	GlobalSection(ExtensibilityGlobals) = postSolution
		SolutionGuid = {CB9478F7-3496-49E0-A4A7-6E71CD3BA1FD}
	EndGlobalSection
EndGlobal
